
Microsoft Visual Studio Solution File, Format Version 12.00
# Visual Studio Version 17
VisualStudioVersion = 17.11.35312.102
MinimumVisualStudioVersion = 10.0.40219.1
Project("{9A19103F-16F7-4668-BE54-9A1E7A4F7556}") = "DangerousSituationsUI", "DangerousSituationsUI.csproj", "{E20D62CE-3B9D-4E00-8D98-895946FCB30F}"
	ProjectSection(ProjectDependencies) = postProject
		{73BAE669-8565-45BB-9DAA-E2445E7214E1} = {73BAE669-8565-45BB-9DAA-E2445E7214E1}
	EndProjectSection
EndProject
Project("{9A19103F-16F7-4668-BE54-9A1E7A4F7556}") = "ClassLibrary", "..\ClassLibrary\ClassLibrary.csproj", "{73BAE669-8565-45BB-9DAA-E2445E7214E1}"
EndProject
Project("{FAE04EC0-301F-11D3-BF4B-00C04F79EFBC}") = "SignalRApplication", "..\SignalRApplication\SignalRApplication.csproj", "{B4366D69-894D-4BFD-87DC-33938D5CA285}"
	ProjectSection(ProjectDependencies) = postProject
		{73BAE669-8565-45BB-9DAA-E2445E7214E1} = {73BAE669-8565-45BB-9DAA-E2445E7214E1}
	EndProjectSection
EndProject
Global
	GlobalSection(SolutionConfigurationPlatforms) = preSolution
		Debug|Any CPU = Debug|Any CPU
		Release|Any CPU = Release|Any CPU
	EndGlobalSection
	GlobalSection(ProjectConfigurationPlatforms) = postSolution
		{E20D62CE-3B9D-4E00-8D98-895946FCB30F}.Debug|Any CPU.ActiveCfg = Debug|Any CPU
		{E20D62CE-3B9D-4E00-8D98-895946FCB30F}.Debug|Any CPU.Build.0 = Debug|Any CPU
		{E20D62CE-3B9D-4E00-8D98-895946FCB30F}.Release|Any CPU.ActiveCfg = Release|Any CPU
		{E20D62CE-3B9D-4E00-8D98-895946FCB30F}.Release|Any CPU.Build.0 = Release|Any CPU
		{73BAE669-8565-45BB-9DAA-E2445E7214E1}.Debug|Any CPU.ActiveCfg = Debug|Any CPU
		{73BAE669-8565-45BB-9DAA-E2445E7214E1}.Debug|Any CPU.Build.0 = Debug|Any CPU
		{73BAE669-8565-45BB-9DAA-E2445E7214E1}.Release|Any CPU.ActiveCfg = Release|Any CPU
		{73BAE669-8565-45BB-9DAA-E2445E7214E1}.Release|Any CPU.Build.0 = Release|Any CPU
		{B4366D69-894D-4BFD-87DC-33938D5CA285}.Debug|Any CPU.ActiveCfg = Debug|Any CPU
		{B4366D69-894D-4BFD-87DC-33938D5CA285}.Debug|Any CPU.Build.0 = Debug|Any CPU
		{B4366D69-894D-4BFD-87DC-33938D5CA285}.Release|Any CPU.ActiveCfg = Release|Any CPU
		{B4366D69-894D-4BFD-87DC-33938D5CA285}.Release|Any CPU.Build.0 = Release|Any CPU
	EndGlobalSection
	GlobalSection(SolutionProperties) = preSolution
		HideSolutionNode = FALSE
	EndGlobalSection
	GlobalSection(ExtensibilityGlobals) = postSolution
		SolutionGuid = {C61818C4-06D6-41CC-9A67-E8B531FBC19B}
	EndGlobalSection
EndGlobal
